
Microsoft Visual Studio Solution File, Format Version 12.00
# Visual Studio Version 16
VisualStudioVersion = 16.0.30804.86
MinimumVisualStudioVersion = 10.0.40219.1
Project("{FAE04EC0-301F-11D3-BF4B-00C04F79EFBC}") = "timeManager2", "timeManager2\timeManager2.csproj", "{CDD797CC-AD20-4119-9BB2-D578DD5F90C6}"
EndProject
Global
	GlobalSection(SolutionConfigurationPlatforms) = preSolution
		Debug|Any CPU = Debug|Any CPU
		Release|Any CPU = Release|Any CPU
	EndGlobalSection
	GlobalSection(ProjectConfigurationPlatforms) = postSolution
		{CDD797CC-AD20-4119-9BB2-D578DD5F90C6}.Debug|Any CPU.ActiveCfg = Debug|Any CPU
		{CDD797CC-AD20-4119-9BB2-D578DD5F90C6}.Debug|Any CPU.Build.0 = Debug|Any CPU
		{CDD797CC-AD20-4119-9BB2-D578DD5F90C6}.Release|Any CPU.ActiveCfg = Release|Any CPU
		{CDD797CC-AD20-4119-9BB2-D578DD5F90C6}.Release|Any CPU.Build.0 = Release|Any CPU
	EndGlobalSection
	GlobalSection(SolutionProperties) = preSolution
		HideSolutionNode = FALSE
	EndGlobalSection
	GlobalSection(ExtensibilityGlobals) = postSolution
		SolutionGuid = {53E3C308-754E-41A5-8060-8E1E0E17C877}
	EndGlobalSection
EndGlobal
